
Microsoft Visual Studio Solution File, Format Version 12.00
# Visual Studio Version 17
VisualStudioVersion = 17.10.35122.118
MinimumVisualStudioVersion = 10.0.40219.1
Project("{FAE04EC0-301F-11D3-BF4B-00C04F79EFBC}") = "SimpleProde", "SimpleProde.csproj", "{87B27417-4B16-48FD-A1BE-B559BB62AC82}"
EndProject
Project("{FAE04EC0-301F-11D3-BF4B-00C04F79EFBC}") = "SimpleProdeTest", "..\SimpleProdeTest\SimpleProdeTest.csproj", "{9AA990AD-5F32-4807-A742-66AA130A6C25}"
EndProject
Global
	GlobalSection(SolutionConfigurationPlatforms) = preSolution
		Debug|Any CPU = Debug|Any CPU
		Release|Any CPU = Release|Any CPU
	EndGlobalSection
	GlobalSection(ProjectConfigurationPlatforms) = postSolution
		{87B27417-4B16-48FD-A1BE-B559BB62AC82}.Debug|Any CPU.ActiveCfg = Debug|Any CPU
		{87B27417-4B16-48FD-A1BE-B559BB62AC82}.Debug|Any CPU.Build.0 = Debug|Any CPU
		{87B27417-4B16-48FD-A1BE-B559BB62AC82}.Release|Any CPU.ActiveCfg = Release|Any CPU
		{87B27417-4B16-48FD-A1BE-B559BB62AC82}.Release|Any CPU.Build.0 = Release|Any CPU
		{9AA990AD-5F32-4807-A742-66AA130A6C25}.Debug|Any CPU.ActiveCfg = Debug|Any CPU
		{9AA990AD-5F32-4807-A742-66AA130A6C25}.Debug|Any CPU.Build.0 = Debug|Any CPU
		{9AA990AD-5F32-4807-A742-66AA130A6C25}.Release|Any CPU.ActiveCfg = Release|Any CPU
		{9AA990AD-5F32-4807-A742-66AA130A6C25}.Release|Any CPU.Build.0 = Release|Any CPU
	EndGlobalSection
	GlobalSection(SolutionProperties) = preSolution
		HideSolutionNode = FALSE
	EndGlobalSection
	GlobalSection(ExtensibilityGlobals) = postSolution
		SolutionGuid = {912DE95B-16D0-4BDE-A876-7478ED142FA9}
	EndGlobalSection
EndGlobal
